// !$*UTF8*$!
{
	archiveVersion = 1;
	classes = {
	};
	objectVersion = 50;
	objects = {

/* Begin PBXBuildFile section */
		834B6E2725AE898E00D027A2 /* OleApp.swift in Sources */ = {isa = PBXBuildFile; fileRef = 834B6E2625AE898E00D027A2 /* OleApp.swift */; };
		834B6E2925AE898E00D027A2 /* ContentView.swift in Sources */ = {isa = PBXBuildFile; fileRef = 834B6E2825AE898E00D027A2 /* ContentView.swift */; };
		834B6E2B25AE899000D027A2 /* Assets.xcassets in Resources */ = {isa = PBXBuildFile; fileRef = 834B6E2A25AE899000D027A2 /* Assets.xcassets */; };
		834B6E2E25AE899000D027A2 /* Preview Assets.xcassets in Resources */ = {isa = PBXBuildFile; fileRef = 834B6E2D25AE899000D027A2 /* Preview Assets.xcassets */; };
		834B6E3925AE899000D027A2 /* OleTests.swift in Sources */ = {isa = PBXBuildFile; fileRef = 834B6E3825AE899000D027A2 /* OleTests.swift */; };
		834B6E4425AE899000D027A2 /* OleUITests.swift in Sources */ = {isa = PBXBuildFile; fileRef = 834B6E4325AE899000D027A2 /* OleUITests.swift */; };
/* End PBXBuildFile section */

/* Begin PBXContainerItemProxy section */
		834B6E3525AE899000D027A2 /* PBXContainerItemProxy */ = {
			isa = PBXContainerItemProxy;
			containerPortal = 834B6E1B25AE898E00D027A2 /* Project object */;
			proxyType = 1;
			remoteGlobalIDString = 834B6E2225AE898E00D027A2;
			remoteInfo = Ole;
		};
		834B6E4025AE899000D027A2 /* PBXContainerItemProxy */ = {
			isa = PBXContainerItemProxy;
			containerPortal = 834B6E1B25AE898E00D027A2 /* Project object */;
			proxyType = 1;
			remoteGlobalIDString = 834B6E2225AE898E00D027A2;
			remoteInfo = Ole;
		};
/* End PBXContainerItemProxy section */

/* Begin PBXFileReference section */
		834B6E2325AE898E00D027A2 /* Ole.app */ = {isa = PBXFileReference; explicitFileType = wrapper.application; includeInIndex = 0; path = Ole.app; sourceTree = BUILT_PRODUCTS_DIR; };
		834B6E2625AE898E00D027A2 /* OleApp.swift */ = {isa = PBXFileReference; lastKnownFileType = sourcecode.swift; path = OleApp.swift; sourceTree = "<group>"; };
		834B6E2825AE898E00D027A2 /* ContentView.swift */ = {isa = PBXFileReference; lastKnownFileType = sourcecode.swift; path = ContentView.swift; sourceTree = "<group>"; };
		834B6E2A25AE899000D027A2 /* Assets.xcassets */ = {isa = PBXFileReference; lastKnownFileType = folder.assetcatalog; path = Assets.xcassets; sourceTree = "<group>"; };
		834B6E2D25AE899000D027A2 /* Preview Assets.xcassets */ = {isa = PBXFileReference; lastKnownFileType = folder.assetcatalog; path = "Preview Assets.xcassets"; sourceTree = "<group>"; };
		834B6E2F25AE899000D027A2 /* Info.plist */ = {isa = PBXFileReference; lastKnownFileType = text.plist.xml; path = Info.plist; sourceTree = "<group>"; };
		834B6E3425AE899000D027A2 /* OleTests.xctest */ = {isa = PBXFileReference; explicitFileType = wrapper.cfbundle; includeInIndex = 0; path = OleTests.xctest; sourceTree = BUILT_PRODUCTS_DIR; };
		834B6E3825AE899000D027A2 /* OleTests.swift */ = {isa = PBXFileReference; lastKnownFileType = sourcecode.swift; path = OleTests.swift; sourceTree = "<group>"; };
		834B6E3A25AE899000D027A2 /* Info.plist */ = {isa = PBXFileReference; lastKnownFileType = text.plist.xml; path = Info.plist; sourceTree = "<group>"; };
		834B6E3F25AE899000D027A2 /* OleUITests.xctest */ = {isa = PBXFileReference; explicitFileType = wrapper.cfbundle; includeInIndex = 0; path = OleUITests.xctest; sourceTree = BUILT_PRODUCTS_DIR; };
		834B6E4325AE899000D027A2 /* OleUITests.swift */ = {isa = PBXFileReference; lastKnownFileType = sourcecode.swift; path = OleUITests.swift; sourceTree = "<group>"; };
		834B6E4525AE899000D027A2 /* Info.plist */ = {isa = PBXFileReference; lastKnownFileType = text.plist.xml; path = Info.plist; sourceTree = "<group>"; };
/* End PBXFileReference section */

/* Begin PBXFrameworksBuildPhase section */
		834B6E2025AE898E00D027A2 /* Frameworks */ = {
			isa = PBXFrameworksBuildPhase;
			buildActionMask = 2147483647;
			files = (
			);
			runOnlyForDeploymentPostprocessing = 0;
		};
		834B6E3125AE899000D027A2 /* Frameworks */ = {
			isa = PBXFrameworksBuildPhase;
			buildActionMask = 2147483647;
			files = (
			);
			runOnlyForDeploymentPostprocessing = 0;
		};
		834B6E3C25AE899000D027A2 /* Frameworks */ = {
			isa = PBXFrameworksBuildPhase;
			buildActionMask = 2147483647;
			files = (
			);
			runOnlyForDeploymentPostprocessing = 0;
		};
/* End PBXFrameworksBuildPhase section */

/* Begin PBXGroup section */
		834B6E1A25AE898E00D027A2 = {
			isa = PBXGroup;
			children = (
				834B6E2525AE898E00D027A2 /* Ole */,
				834B6E3725AE899000D027A2 /* OleTests */,
				834B6E4225AE899000D027A2 /* OleUITests */,
				834B6E2425AE898E00D027A2 /* Products */,
			);
			sourceTree = "<group>";
		};
		834B6E2425AE898E00D027A2 /* Products */ = {
			isa = PBXGroup;
			children = (
				834B6E2325AE898E00D027A2 /* Ole.app */,
				834B6E3425AE899000D027A2 /* OleTests.xctest */,
				834B6E3F25AE899000D027A2 /* OleUITests.xctest */,
			);
			name = Products;
			sourceTree = "<group>";
		};
		834B6E2525AE898E00D027A2 /* Ole */ = {
			isa = PBXGroup;
			children = (
				834B6E2625AE898E00D027A2 /* OleApp.swift */,
				834B6E2825AE898E00D027A2 /* ContentView.swift */,
				834B6E2A25AE899000D027A2 /* Assets.xcassets */,
				834B6E2F25AE899000D027A2 /* Info.plist */,
				834B6E2C25AE899000D027A2 /* Preview Content */,
			);
			path = Ole;
			sourceTree = "<group>";
		};
		834B6E2C25AE899000D027A2 /* Preview Content */ = {
			isa = PBXGroup;
			children = (
				834B6E2D25AE899000D027A2 /* Preview Assets.xcassets */,
			);
			path = "Preview Content";
			sourceTree = "<group>";
		};
		834B6E3725AE899000D027A2 /* OleTests */ = {
			isa = PBXGroup;
			children = (
				834B6E3825AE899000D027A2 /* OleTests.swift */,
				834B6E3A25AE899000D027A2 /* Info.plist */,
			);
			path = OleTests;
			sourceTree = "<group>";
		};
		834B6E4225AE899000D027A2 /* OleUITests */ = {
			isa = PBXGroup;
			children = (
				834B6E4325AE899000D027A2 /* OleUITests.swift */,
				834B6E4525AE899000D027A2 /* Info.plist */,
			);
			path = OleUITests;
			sourceTree = "<group>";
		};
/* End PBXGroup section */

/* Begin PBXNativeTarget section */
		834B6E2225AE898E00D027A2 /* Ole */ = {
			isa = PBXNativeTarget;
			buildConfigurationList = 834B6E4825AE899000D027A2 /* Build configuration list for PBXNativeTarget "Ole" */;
			buildPhases = (
				834B6E1F25AE898E00D027A2 /* Sources */,
				834B6E2025AE898E00D027A2 /* Frameworks */,
				834B6E2125AE898E00D027A2 /* Resources */,
			);
			buildRules = (
			);
			dependencies = (
			);
			name = Ole;
			productName = Ole;
			productReference = 834B6E2325AE898E00D027A2 /* Ole.app */;
			productType = "com.apple.product-type.application";
		};
		834B6E3325AE899000D027A2 /* OleTests */ = {
			isa = PBXNativeTarget;
			buildConfigurationList = 834B6E4B25AE899000D027A2 /* Build configuration list for PBXNativeTarget "OleTests" */;
			buildPhases = (
				834B6E3025AE899000D027A2 /* Sources */,
				834B6E3125AE899000D027A2 /* Frameworks */,
				834B6E3225AE899000D027A2 /* Resources */,
			);
			buildRules = (
			);
			dependencies = (
				834B6E3625AE899000D027A2 /* PBXTargetDependency */,
			);
			name = OleTests;
			productName = OleTests;
			productReference = 834B6E3425AE899000D027A2 /* OleTests.xctest */;
			productType = "com.apple.product-type.bundle.unit-test";
		};
		834B6E3E25AE899000D027A2 /* OleUITests */ = {
			isa = PBXNativeTarget;
			buildConfigurationList = 834B6E4E25AE899000D027A2 /* Build configuration list for PBXNativeTarget "OleUITests" */;
			buildPhases = (
				834B6E3B25AE899000D027A2 /* Sources */,
				834B6E3C25AE899000D027A2 /* Frameworks */,
				834B6E3D25AE899000D027A2 /* Resources */,
			);
			buildRules = (
			);
			dependencies = (
				834B6E4125AE899000D027A2 /* PBXTargetDependency */,
			);
			name = OleUITests;
			productName = OleUITests;
			productReference = 834B6E3F25AE899000D027A2 /* OleUITests.xctest */;
			productType = "com.apple.product-type.bundle.ui-testing";
		};
/* End PBXNativeTarget section */

/* Begin PBXProject section */
		834B6E1B25AE898E00D027A2 /* Project object */ = {
			isa = PBXProject;
			attributes = {
				LastSwiftUpdateCheck = 1230;
				LastUpgradeCheck = 1230;
				TargetAttributes = {
					834B6E2225AE898E00D027A2 = {
						CreatedOnToolsVersion = 12.3;
					};
					834B6E3325AE899000D027A2 = {
						CreatedOnToolsVersion = 12.3;
						TestTargetID = 834B6E2225AE898E00D027A2;
					};
					834B6E3E25AE899000D027A2 = {
						CreatedOnToolsVersion = 12.3;
						TestTargetID = 834B6E2225AE898E00D027A2;
					};
				};
			};
			buildConfigurationList = 834B6E1E25AE898E00D027A2 /* Build configuration list for PBXProject "Ole" */;
			compatibilityVersion = "Xcode 9.3";
			developmentRegion = en;
			hasScannedForEncodings = 0;
			knownRegions = (
				en,
				Base,
			);
			mainGroup = 834B6E1A25AE898E00D027A2;
			productRefGroup = 834B6E2425AE898E00D027A2 /* Products */;
			projectDirPath = "";
			projectRoot = "";
			targets = (
				834B6E2225AE898E00D027A2 /* Ole */,
				834B6E3325AE899000D027A2 /* OleTests */,
				834B6E3E25AE899000D027A2 /* OleUITests */,
			);
		};
/* End PBXProject section */

/* Begin PBXResourcesBuildPhase section */
		834B6E2125AE898E00D027A2 /* Resources */ = {
			isa = PBXResourcesBuildPhase;
			buildActionMask = 2147483647;
			files = (
				834B6E2E25AE899000D027A2 /* Preview Assets.xcassets in Resources */,
				834B6E2B25AE899000D027A2 /* Assets.xcassets in Resources */,
			);
			runOnlyForDeploymentPostprocessing = 0;
		};
		834B6E3225AE899000D027A2 /* Resources */ = {
			isa = PBXResourcesBuildPhase;
			buildActionMask = 2147483647;
			files = (
			);
			runOnlyForDeploymentPostprocessing = 0;
		};
		834B6E3D25AE899000D027A2 /* Resources */ = {
			isa = PBXResourcesBuildPhase;
			buildActionMask = 2147483647;
			files = (
			);
			runOnlyForDeploymentPostprocessing = 0;
		};
/* End PBXResourcesBuildPhase section */

/* Begin PBXSourcesBuildPhase section */
		834B6E1F25AE898E00D027A2 /* Sources */ = {
			isa = PBXSourcesBuildPhase;
			buildActionMask = 2147483647;
			files = (
				834B6E2925AE898E00D027A2 /* ContentView.swift in Sources */,
				834B6E2725AE898E00D027A2 /* OleApp.swift in Sources */,
			);
			runOnlyForDeploymentPostprocessing = 0;
		};
		834B6E3025AE899000D027A2 /* Sources */ = {
			isa = PBXSourcesBuildPhase;
			buildActionMask = 2147483647;
			files = (
				834B6E3925AE899000D027A2 /* OleTests.swift in Sources */,
			);
			runOnlyForDeploymentPostprocessing = 0;
		};
		834B6E3B25AE899000D027A2 /* Sources */ = {
			isa = PBXSourcesBuildPhase;
			buildActionMask = 2147483647;
			files = (
				834B6E4425AE899000D027A2 /* OleUITests.swift in Sources */,
			);
			runOnlyForDeploymentPostprocessing = 0;
		};
/* End PBXSourcesBuildPhase section */

/* Begin PBXTargetDependency section */
		834B6E3625AE899000D027A2 /* PBXTargetDependency */ = {
			isa = PBXTargetDependency;
			target = 834B6E2225AE898E00D027A2 /* Ole */;
			targetProxy = 834B6E3525AE899000D027A2 /* PBXContainerItemProxy */;
		};
		834B6E4125AE899000D027A2 /* PBXTargetDependency */ = {
			isa = PBXTargetDependency;
			target = 834B6E2225AE898E00D027A2 /* Ole */;
			targetProxy = 834B6E4025AE899000D027A2 /* PBXContainerItemProxy */;
		};
/* End PBXTargetDependency section */

/* Begin XCBuildConfiguration section */
		834B6E4625AE899000D027A2 /* Debug */ = {
			isa = XCBuildConfiguration;
			buildSettings = {
				ALWAYS_SEARCH_USER_PATHS = NO;
				CLANG_ANALYZER_NONNULL = YES;
				CLANG_ANALYZER_NUMBER_OBJECT_CONVERSION = YES_AGGRESSIVE;
				CLANG_CXX_LANGUAGE_STANDARD = "gnu++14";
				CLANG_CXX_LIBRARY = "libc++";
				CLANG_ENABLE_MODULES = YES;
				CLANG_ENABLE_OBJC_ARC = YES;
				CLANG_ENABLE_OBJC_WEAK = YES;
				CLANG_WARN_BLOCK_CAPTURE_AUTORELEASING = YES;
				CLANG_WARN_BOOL_CONVERSION = YES;
				CLANG_WARN_COMMA = YES;
				CLANG_WARN_CONSTANT_CONVERSION = YES;
				CLANG_WARN_DEPRECATED_OBJC_IMPLEMENTATIONS = YES;
				CLANG_WARN_DIRECT_OBJC_ISA_USAGE = YES_ERROR;
				CLANG_WARN_DOCUMENTATION_COMMENTS = YES;
				CLANG_WARN_EMPTY_BODY = YES;
				CLANG_WARN_ENUM_CONVERSION = YES;
				CLANG_WARN_INFINITE_RECURSION = YES;
				CLANG_WARN_INT_CONVERSION = YES;
				CLANG_WARN_NON_LITERAL_NULL_CONVERSION = YES;
				CLANG_WARN_OBJC_IMPLICIT_RETAIN_SELF = YES;
				CLANG_WARN_OBJC_LITERAL_CONVERSION = YES;
				CLANG_WARN_OBJC_ROOT_CLASS = YES_ERROR;
				CLANG_WARN_QUOTED_INCLUDE_IN_FRAMEWORK_HEADER = YES;
				CLANG_WARN_RANGE_LOOP_ANALYSIS = YES;
				CLANG_WARN_STRICT_PROTOTYPES = YES;
				CLANG_WARN_SUSPICIOUS_MOVE = YES;
				CLANG_WARN_UNGUARDED_AVAILABILITY = YES_AGGRESSIVE;
				CLANG_WARN_UNREACHABLE_CODE = YES;
				CLANG_WARN__DUPLICATE_METHOD_MATCH = YES;
				COPY_PHASE_STRIP = NO;
				DEBUG_INFORMATION_FORMAT = dwarf;
				ENABLE_STRICT_OBJC_MSGSEND = YES;
				ENABLE_TESTABILITY = YES;
				GCC_C_LANGUAGE_STANDARD = gnu11;
				GCC_DYNAMIC_NO_PIC = NO;
				GCC_NO_COMMON_BLOCKS = YES;
				GCC_OPTIMIZATION_LEVEL = 0;
				GCC_PREPROCESSOR_DEFINITIONS = (
					"DEBUG=1",
					"$(inherited)",
				);
				GCC_WARN_64_TO_32_BIT_CONVERSION = YES;
				GCC_WARN_ABOUT_RETURN_TYPE = YES_ERROR;
				GCC_WARN_UNDECLARED_SELECTOR = YES;
				GCC_WARN_UNINITIALIZED_AUTOS = YES_AGGRESSIVE;
				GCC_WARN_UNUSED_FUNCTION = YES;
				GCC_WARN_UNUSED_VARIABLE = YES;
				IPHONEOS_DEPLOYMENT_TARGET = 14.3;
				MTL_ENABLE_DEBUG_INFO = INCLUDE_SOURCE;
				MTL_FAST_MATH = YES;
				ONLY_ACTIVE_ARCH = YES;
				SDKROOT = iphoneos;
				SWIFT_ACTIVE_COMPILATION_CONDITIONS = DEBUG;
				SWIFT_OPTIMIZATION_LEVEL = "-Onone";
			};
			name = Debug;
		};
		834B6E4725AE899000D027A2 /* Release */ = {
			isa = XCBuildConfiguration;
			buildSettings = {
				ALWAYS_SEARCH_USER_PATHS = NO;
				CLANG_ANALYZER_NONNULL = YES;
				CLANG_ANALYZER_NUMBER_OBJECT_CONVERSION = YES_AGGRESSIVE;
				CLANG_CXX_LANGUAGE_STANDARD = "gnu++14";
				CLANG_CXX_LIBRARY = "libc++";
				CLANG_ENABLE_MODULES = YES;
				CLANG_ENABLE_OBJC_ARC = YES;
				CLANG_ENABLE_OBJC_WEAK = YES;
				CLANG_WARN_BLOCK_CAPTURE_AUTORELEASING = YES;
				CLANG_WARN_BOOL_CONVERSION = YES;
				CLANG_WARN_COMMA = YES;
				CLANG_WARN_CONSTANT_CONVERSION = YES;
				CLANG_WARN_DEPRECATED_OBJC_IMPLEMENTATIONS = YES;
				CLANG_WARN_DIRECT_OBJC_ISA_USAGE = YES_ERROR;
				CLANG_WARN_DOCUMENTATION_COMMENTS = YES;
				CLANG_WARN_EMPTY_BODY = YES;
				CLANG_WARN_ENUM_CONVERSION = YES;
				CLANG_WARN_INFINITE_RECURSION = YES;
				CLANG_WARN_INT_CONVERSION = YES;
				CLANG_WARN_NON_LITERAL_NULL_CONVERSION = YES;
				CLANG_WARN_OBJC_IMPLICIT_RETAIN_SELF = YES;
				CLANG_WARN_OBJC_LITERAL_CONVERSION = YES;
				CLANG_WARN_OBJC_ROOT_CLASS = YES_ERROR;
				CLANG_WARN_QUOTED_INCLUDE_IN_FRAMEWORK_HEADER = YES;
				CLANG_WARN_RANGE_LOOP_ANALYSIS = YES;
				CLANG_WARN_STRICT_PROTOTYPES = YES;
				CLANG_WARN_SUSPICIOUS_MOVE = YES;
				CLANG_WARN_UNGUARDED_AVAILABILITY = YES_AGGRESSIVE;
				CLANG_WARN_UNREACHABLE_CODE = YES;
				CLANG_WARN__DUPLICATE_METHOD_MATCH = YES;
				COPY_PHASE_STRIP = NO;
				DEBUG_INFORMATION_FORMAT = "dwarf-with-dsym";
				ENABLE_NS_ASSERTIONS = NO;
				ENABLE_STRICT_OBJC_MSGSEND = YES;
				GCC_C_LANGUAGE_STANDARD = gnu11;
				GCC_NO_COMMON_BLOCKS = YES;
				GCC_WARN_64_TO_32_BIT_CONVERSION = YES;
				GCC_WARN_ABOUT_RETURN_TYPE = YES_ERROR;
				GCC_WARN_UNDECLARED_SELECTOR = YES;
				GCC_WARN_UNINITIALIZED_AUTOS = YES_AGGRESSIVE;
				GCC_WARN_UNUSED_FUNCTION = YES;
				GCC_WARN_UNUSED_VARIABLE = YES;
				IPHONEOS_DEPLOYMENT_TARGET = 14.3;
				MTL_ENABLE_DEBUG_INFO = NO;
				MTL_FAST_MATH = YES;
				SDKROOT = iphoneos;
				SWIFT_COMPILATION_MODE = wholemodule;
				SWIFT_OPTIMIZATION_LEVEL = "-O";
				VALIDATE_PRODUCT = YES;
			};
			name = Release;
		};
		834B6E4925AE899000D027A2 /* Debug */ = {
			isa = XCBuildConfiguration;
			buildSettings = {
				ASSETCATALOG_COMPILER_APPICON_NAME = AppIcon;
				ASSETCATALOG_COMPILER_GLOBAL_ACCENT_COLOR_NAME = AccentColor;
				CODE_SIGN_STYLE = Automatic;
				DEVELOPMENT_ASSET_PATHS = "\"Ole/Preview Content\"";
				ENABLE_PREVIEWS = YES;
				INFOPLIST_FILE = Ole/Info.plist;
				IPHONEOS_DEPLOYMENT_TARGET = 14.0;
				LD_RUNPATH_SEARCH_PATHS = (
					"$(inherited)",
					"@executable_path/Frameworks",
				);
				PRODUCT_BUNDLE_IDENTIFIER = ca.christophe.Ole;
				PRODUCT_NAME = "$(TARGET_NAME)";
				SWIFT_VERSION = 5.0;
				TARGETED_DEVICE_FAMILY = "1,2";
			};
			name = Debug;
		};
		834B6E4A25AE899000D027A2 /* Release */ = {
			isa = XCBuildConfiguration;
			buildSettings = {
				ASSETCATALOG_COMPILER_APPICON_NAME = AppIcon;
				ASSETCATALOG_COMPILER_GLOBAL_ACCENT_COLOR_NAME = AccentColor;
				CODE_SIGN_STYLE = Automatic;
				DEVELOPMENT_ASSET_PATHS = "\"Ole/Preview Content\"";
				ENABLE_PREVIEWS = YES;
				INFOPLIST_FILE = Ole/Info.plist;
				IPHONEOS_DEPLOYMENT_TARGET = 14.0;
				LD_RUNPATH_SEARCH_PATHS = (
					"$(inherited)",
					"@executable_path/Frameworks",
				);
				PRODUCT_BUNDLE_IDENTIFIER = ca.christophe.Ole;
				PRODUCT_NAME = "$(TARGET_NAME)";
				SWIFT_VERSION = 5.0;
				TARGETED_DEVICE_FAMILY = "1,2";
			};
			name = Release;
		};
		834B6E4C25AE899000D027A2 /* Debug */ = {
			isa = XCBuildConfiguration;
			buildSettings = {
				ALWAYS_EMBED_SWIFT_STANDARD_LIBRARIES = YES;
				BUNDLE_LOADER = "$(TEST_HOST)";
				CODE_SIGN_STYLE = Automatic;
				INFOPLIST_FILE = OleTests/Info.plist;
				IPHONEOS_DEPLOYMENT_TARGET = 14.0;
				LD_RUNPATH_SEARCH_PATHS = (
					"$(inherited)",
					"@executable_path/Frameworks",
					"@loader_path/Frameworks",
				);
				PRODUCT_BUNDLE_IDENTIFIER = ca.christophe.OleTests;
				PRODUCT_NAME = "$(TARGET_NAME)";
				SWIFT_VERSION = 5.0;
				TARGETED_DEVICE_FAMILY = "1,2";
				TEST_HOST = "$(BUILT_PRODUCTS_DIR)/Ole.app/Ole";
			};
			name = Debug;
		};
		834B6E4D25AE899000D027A2 /* Release */ = {
			isa = XCBuildConfiguration;
			buildSettings = {
				ALWAYS_EMBED_SWIFT_STANDARD_LIBRARIES = YES;
				BUNDLE_LOADER = "$(TEST_HOST)";
				CODE_SIGN_STYLE = Automatic;
				INFOPLIST_FILE = OleTests/Info.plist;
				IPHONEOS_DEPLOYMENT_TARGET = 14.0;
				LD_RUNPATH_SEARCH_PATHS = (
					"$(inherited)",
					"@executable_path/Frameworks",
					"@loader_path/Frameworks",
				);
				PRODUCT_BUNDLE_IDENTIFIER = ca.christophe.OleTests;
				PRODUCT_NAME = "$(TARGET_NAME)";
				SWIFT_VERSION = 5.0;
				TARGETED_DEVICE_FAMILY = "1,2";
				TEST_HOST = "$(BUILT_PRODUCTS_DIR)/Ole.app/Ole";
			};
			name = Release;
		};
		834B6E4F25AE899000D027A2 /* Debug */ = {
			isa = XCBuildConfiguration;
			buildSettings = {
				ALWAYS_EMBED_SWIFT_STANDARD_LIBRARIES = YES;
				CODE_SIGN_STYLE = Automatic;
				INFOPLIST_FILE = OleUITests/Info.plist;
				LD_RUNPATH_SEARCH_PATHS = (
					"$(inherited)",
					"@executable_path/Frameworks",
					"@loader_path/Frameworks",
				);
				PRODUCT_BUNDLE_IDENTIFIER = ca.christophe.OleUITests;
				PRODUCT_NAME = "$(TARGET_NAME)";
				SWIFT_VERSION = 5.0;
				TARGETED_DEVICE_FAMILY = "1,2";
				TEST_TARGET_NAME = Ole;
			};
			name = Debug;
		};
		834B6E5025AE899000D027A2 /* Release */ = {
			isa = XCBuildConfiguration;
			buildSettings = {
				ALWAYS_EMBED_SWIFT_STANDARD_LIBRARIES = YES;
				CODE_SIGN_STYLE = Automatic;
				INFOPLIST_FILE = OleUITests/Info.plist;
				LD_RUNPATH_SEARCH_PATHS = (
					"$(inherited)",
					"@executable_path/Frameworks",
					"@loader_path/Frameworks",
				);
				PRODUCT_BUNDLE_IDENTIFIER = ca.christophe.OleUITests;
				PRODUCT_NAME = "$(TARGET_NAME)";
				SWIFT_VERSION = 5.0;
				TARGETED_DEVICE_FAMILY = "1,2";
				TEST_TARGET_NAME = Ole;
			};
			name = Release;
		};
/* End XCBuildConfiguration section */

/* Begin XCConfigurationList section */
		834B6E1E25AE898E00D027A2 /* Build configuration list for PBXProject "Ole" */ = {
			isa = XCConfigurationList;
			buildConfigurations = (
				834B6E4625AE899000D027A2 /* Debug */,
				834B6E4725AE899000D027A2 /* Release */,
			);
			defaultConfigurationIsVisible = 0;
			defaultConfigurationName = Release;
		};
		834B6E4825AE899000D027A2 /* Build configuration list for PBXNativeTarget "Ole" */ = {
			isa = XCConfigurationList;
			buildConfigurations = (
				834B6E4925AE899000D027A2 /* Debug */,
				834B6E4A25AE899000D027A2 /* Release */,
			);
			defaultConfigurationIsVisible = 0;
			defaultConfigurationName = Release;
		};
		834B6E4B25AE899000D027A2 /* Build configuration list for PBXNativeTarget "OleTests" */ = {
			isa = XCConfigurationList;
			buildConfigurations = (
				834B6E4C25AE899000D027A2 /* Debug */,
				834B6E4D25AE899000D027A2 /* Release */,
			);
			defaultConfigurationIsVisible = 0;
			defaultConfigurationName = Release;
		};
		834B6E4E25AE899000D027A2 /* Build configuration list for PBXNativeTarget "OleUITests" */ = {
			isa = XCConfigurationList;
			buildConfigurations = (
				834B6E4F25AE899000D027A2 /* Debug */,
				834B6E5025AE899000D027A2 /* Release */,
			);
			defaultConfigurationIsVisible = 0;
			defaultConfigurationName = Release;
		};
/* End XCConfigurationList section */
	};
	rootObject = 834B6E1B25AE898E00D027A2 /* Project object */;
}
